
Microsoft Visual Studio Solution File, Format Version 12.00
# Visual Studio Version 16
VisualStudioVersion = 16.0.30114.105
MinimumVisualStudioVersion = 10.0.40219.1
Project("{2150E333-8FDC-42A3-9474-1A3956D46DE8}") = "src", "src", "{F87874DF-84D6-4FEB-A543-9C31566A3949}"
EndProject
Project("{FAE04EC0-301F-11D3-BF4B-00C04F79EFBC}") = "SportsStoreOnWeb.UI", "src\SportsStoreOnWeb.UI\SportsStoreOnWeb.UI.csproj", "{EEEDF8B5-AD08-45BA-A1B2-2C7C049E9DA7}"
EndProject
Project("{FAE04EC0-301F-11D3-BF4B-00C04F79EFBC}") = "SportsStoreOnWeb.Core", "src\SportsStoreOnWeb.Core\SportsStoreOnWeb.Core.csproj", "{6E7931BF-C192-47EC-B19E-52C76FA76CE9}"
EndProject
Project("{FAE04EC0-301F-11D3-BF4B-00C04F79EFBC}") = "SportsStoreOnWeb.Infrastructure", "src\SportsStoreOnWeb.Infrastructure\SportsStoreOnWeb.Infrastructure.csproj", "{F14F6A03-F7FB-4FB9-909A-71EF22754F5C}"
EndProject
Project("{FAE04EC0-301F-11D3-BF4B-00C04F79EFBC}") = "SportsStoreOnWeb.Shared", "src\SportsStoreOnWeb.Shared\SportsStoreOnWeb.Shared.csproj", "{57877126-2ECD-476E-9AA8-14CBCE20C820}"
EndProject
Global
	GlobalSection(SolutionConfigurationPlatforms) = preSolution
		Debug|Any CPU = Debug|Any CPU
		Debug|x64 = Debug|x64
		Debug|x86 = Debug|x86
		Release|Any CPU = Release|Any CPU
		Release|x64 = Release|x64
		Release|x86 = Release|x86
	EndGlobalSection
	GlobalSection(SolutionProperties) = preSolution
		HideSolutionNode = FALSE
	EndGlobalSection
	GlobalSection(ProjectConfigurationPlatforms) = postSolution
		{EEEDF8B5-AD08-45BA-A1B2-2C7C049E9DA7}.Debug|Any CPU.ActiveCfg = Debug|Any CPU
		{EEEDF8B5-AD08-45BA-A1B2-2C7C049E9DA7}.Debug|Any CPU.Build.0 = Debug|Any CPU
		{EEEDF8B5-AD08-45BA-A1B2-2C7C049E9DA7}.Debug|x64.ActiveCfg = Debug|Any CPU
		{EEEDF8B5-AD08-45BA-A1B2-2C7C049E9DA7}.Debug|x64.Build.0 = Debug|Any CPU
		{EEEDF8B5-AD08-45BA-A1B2-2C7C049E9DA7}.Debug|x86.ActiveCfg = Debug|Any CPU
		{EEEDF8B5-AD08-45BA-A1B2-2C7C049E9DA7}.Debug|x86.Build.0 = Debug|Any CPU
		{EEEDF8B5-AD08-45BA-A1B2-2C7C049E9DA7}.Release|Any CPU.ActiveCfg = Release|Any CPU
		{EEEDF8B5-AD08-45BA-A1B2-2C7C049E9DA7}.Release|Any CPU.Build.0 = Release|Any CPU
		{EEEDF8B5-AD08-45BA-A1B2-2C7C049E9DA7}.Release|x64.ActiveCfg = Release|Any CPU
		{EEEDF8B5-AD08-45BA-A1B2-2C7C049E9DA7}.Release|x64.Build.0 = Release|Any CPU
		{EEEDF8B5-AD08-45BA-A1B2-2C7C049E9DA7}.Release|x86.ActiveCfg = Release|Any CPU
		{EEEDF8B5-AD08-45BA-A1B2-2C7C049E9DA7}.Release|x86.Build.0 = Release|Any CPU
		{6E7931BF-C192-47EC-B19E-52C76FA76CE9}.Debug|Any CPU.ActiveCfg = Debug|Any CPU
		{6E7931BF-C192-47EC-B19E-52C76FA76CE9}.Debug|Any CPU.Build.0 = Debug|Any CPU
		{6E7931BF-C192-47EC-B19E-52C76FA76CE9}.Debug|x64.ActiveCfg = Debug|Any CPU
		{6E7931BF-C192-47EC-B19E-52C76FA76CE9}.Debug|x64.Build.0 = Debug|Any CPU
		{6E7931BF-C192-47EC-B19E-52C76FA76CE9}.Debug|x86.ActiveCfg = Debug|Any CPU
		{6E7931BF-C192-47EC-B19E-52C76FA76CE9}.Debug|x86.Build.0 = Debug|Any CPU
		{6E7931BF-C192-47EC-B19E-52C76FA76CE9}.Release|Any CPU.ActiveCfg = Release|Any CPU
		{6E7931BF-C192-47EC-B19E-52C76FA76CE9}.Release|Any CPU.Build.0 = Release|Any CPU
		{6E7931BF-C192-47EC-B19E-52C76FA76CE9}.Release|x64.ActiveCfg = Release|Any CPU
		{6E7931BF-C192-47EC-B19E-52C76FA76CE9}.Release|x64.Build.0 = Release|Any CPU
		{6E7931BF-C192-47EC-B19E-52C76FA76CE9}.Release|x86.ActiveCfg = Release|Any CPU
		{6E7931BF-C192-47EC-B19E-52C76FA76CE9}.Release|x86.Build.0 = Release|Any CPU
		{F14F6A03-F7FB-4FB9-909A-71EF22754F5C}.Debug|Any CPU.ActiveCfg = Debug|Any CPU
		{F14F6A03-F7FB-4FB9-909A-71EF22754F5C}.Debug|Any CPU.Build.0 = Debug|Any CPU
		{F14F6A03-F7FB-4FB9-909A-71EF22754F5C}.Debug|x64.ActiveCfg = Debug|Any CPU
		{F14F6A03-F7FB-4FB9-909A-71EF22754F5C}.Debug|x64.Build.0 = Debug|Any CPU
		{F14F6A03-F7FB-4FB9-909A-71EF22754F5C}.Debug|x86.ActiveCfg = Debug|Any CPU
		{F14F6A03-F7FB-4FB9-909A-71EF22754F5C}.Debug|x86.Build.0 = Debug|Any CPU
		{F14F6A03-F7FB-4FB9-909A-71EF22754F5C}.Release|Any CPU.ActiveCfg = Release|Any CPU
		{F14F6A03-F7FB-4FB9-909A-71EF22754F5C}.Release|Any CPU.Build.0 = Release|Any CPU
		{F14F6A03-F7FB-4FB9-909A-71EF22754F5C}.Release|x64.ActiveCfg = Release|Any CPU
		{F14F6A03-F7FB-4FB9-909A-71EF22754F5C}.Release|x64.Build.0 = Release|Any CPU
		{F14F6A03-F7FB-4FB9-909A-71EF22754F5C}.Release|x86.ActiveCfg = Release|Any CPU
		{F14F6A03-F7FB-4FB9-909A-71EF22754F5C}.Release|x86.Build.0 = Release|Any CPU
		{57877126-2ECD-476E-9AA8-14CBCE20C820}.Debug|Any CPU.ActiveCfg = Debug|Any CPU
		{57877126-2ECD-476E-9AA8-14CBCE20C820}.Debug|Any CPU.Build.0 = Debug|Any CPU
		{57877126-2ECD-476E-9AA8-14CBCE20C820}.Debug|x64.ActiveCfg = Debug|Any CPU
		{57877126-2ECD-476E-9AA8-14CBCE20C820}.Debug|x64.Build.0 = Debug|Any CPU
		{57877126-2ECD-476E-9AA8-14CBCE20C820}.Debug|x86.ActiveCfg = Debug|Any CPU
		{57877126-2ECD-476E-9AA8-14CBCE20C820}.Debug|x86.Build.0 = Debug|Any CPU
		{57877126-2ECD-476E-9AA8-14CBCE20C820}.Release|Any CPU.ActiveCfg = Release|Any CPU
		{57877126-2ECD-476E-9AA8-14CBCE20C820}.Release|Any CPU.Build.0 = Release|Any CPU
		{57877126-2ECD-476E-9AA8-14CBCE20C820}.Release|x64.ActiveCfg = Release|Any CPU
		{57877126-2ECD-476E-9AA8-14CBCE20C820}.Release|x64.Build.0 = Release|Any CPU
		{57877126-2ECD-476E-9AA8-14CBCE20C820}.Release|x86.ActiveCfg = Release|Any CPU
		{57877126-2ECD-476E-9AA8-14CBCE20C820}.Release|x86.Build.0 = Release|Any CPU
	EndGlobalSection
	GlobalSection(NestedProjects) = preSolution
		{EEEDF8B5-AD08-45BA-A1B2-2C7C049E9DA7} = {F87874DF-84D6-4FEB-A543-9C31566A3949}
		{6E7931BF-C192-47EC-B19E-52C76FA76CE9} = {F87874DF-84D6-4FEB-A543-9C31566A3949}
		{F14F6A03-F7FB-4FB9-909A-71EF22754F5C} = {F87874DF-84D6-4FEB-A543-9C31566A3949}
		{57877126-2ECD-476E-9AA8-14CBCE20C820} = {F87874DF-84D6-4FEB-A543-9C31566A3949}
	EndGlobalSection
EndGlobal
